
Microsoft Visual Studio Solution File, Format Version 12.00
# Visual Studio Version 17
VisualStudioVersion = 17.5.002.0
MinimumVisualStudioVersion = 10.0.40219.1
Project("{9A19103F-16F7-4668-BE54-9A1E7A4F7556}") = "SunsetSerenity", "SunsetSerenity\SunsetSerenity.csproj", "{DB836685-A3EF-486C-BEE1-F70617FE60B9}"
EndProject
Project("{9A19103F-16F7-4668-BE54-9A1E7A4F7556}") = "SunsetSerenity.Contracts", "SunsetSerenity.Contracts\SunsetSerenity.Contracts.csproj", "{B98F0939-8EEF-4281-936A-AB467C4B5591}"
EndProject
Global
	GlobalSection(SolutionConfigurationPlatforms) = preSolution
		Debug|Any CPU = Debug|Any CPU
		Release|Any CPU = Release|Any CPU
	EndGlobalSection
	GlobalSection(ProjectConfigurationPlatforms) = postSolution
		{DB836685-A3EF-486C-BEE1-F70617FE60B9}.Debug|Any CPU.ActiveCfg = Debug|Any CPU
		{DB836685-A3EF-486C-BEE1-F70617FE60B9}.Debug|Any CPU.Build.0 = Debug|Any CPU
		{DB836685-A3EF-486C-BEE1-F70617FE60B9}.Release|Any CPU.ActiveCfg = Release|Any CPU
		{DB836685-A3EF-486C-BEE1-F70617FE60B9}.Release|Any CPU.Build.0 = Release|Any CPU
		{B98F0939-8EEF-4281-936A-AB467C4B5591}.Debug|Any CPU.ActiveCfg = Debug|Any CPU
		{B98F0939-8EEF-4281-936A-AB467C4B5591}.Debug|Any CPU.Build.0 = Debug|Any CPU
		{B98F0939-8EEF-4281-936A-AB467C4B5591}.Release|Any CPU.ActiveCfg = Release|Any CPU
		{B98F0939-8EEF-4281-936A-AB467C4B5591}.Release|Any CPU.Build.0 = Release|Any CPU
	EndGlobalSection
	GlobalSection(SolutionProperties) = preSolution
		HideSolutionNode = FALSE
	EndGlobalSection
	GlobalSection(ExtensibilityGlobals) = postSolution
		SolutionGuid = {EC56435E-9C00-46E4-98E4-6BD3666C2770}
	EndGlobalSection
EndGlobal
